
Microsoft Visual Studio Solution File, Format Version 12.00
# Visual Studio Version 17
VisualStudioVersion = 17.7.34009.444
MinimumVisualStudioVersion = 10.0.40219.1
Project("{FAE04EC0-301F-11D3-BF4B-00C04F79EFBC}") = "Ex05", "Ex05\Ex05.csproj", "{63F4256C-61F8-4E1C-928C-96205DD16CCE}"
EndProject
Global
	GlobalSection(SolutionConfigurationPlatforms) = preSolution
		Debug|Any CPU = Debug|Any CPU
		Release|Any CPU = Release|Any CPU
	EndGlobalSection
	GlobalSection(ProjectConfigurationPlatforms) = postSolution
		{63F4256C-61F8-4E1C-928C-96205DD16CCE}.Debug|Any CPU.ActiveCfg = Debug|Any CPU
		{63F4256C-61F8-4E1C-928C-96205DD16CCE}.Debug|Any CPU.Build.0 = Debug|Any CPU
		{63F4256C-61F8-4E1C-928C-96205DD16CCE}.Release|Any CPU.ActiveCfg = Release|Any CPU
		{63F4256C-61F8-4E1C-928C-96205DD16CCE}.Release|Any CPU.Build.0 = Release|Any CPU
	EndGlobalSection
	GlobalSection(SolutionProperties) = preSolution
		HideSolutionNode = FALSE
	EndGlobalSection
	GlobalSection(ExtensibilityGlobals) = postSolution
		SolutionGuid = {CD7C9C1E-6BFE-42E5-AE76-596C05BD974B}
	EndGlobalSection
EndGlobal
